// !$*UTF8*$!
{
	archiveVersion = 1;
	classes = {
	};
	objectVersion = 50;
	objects = {

/* Begin PBXBuildFile section */
		F33E9C1721A54CF700EC55F7 /* AppDelegate.swift in Sources */ = {isa = PBXBuildFile; fileRef = F33E9C1621A54CF700EC55F7 /* AppDelegate.swift */; };
		F33E9C1921A54CF700EC55F7 /* HomeVC.swift in Sources */ = {isa = PBXBuildFile; fileRef = F33E9C1821A54CF700EC55F7 /* HomeVC.swift */; };
		F33E9C1C21A54CF700EC55F7 /* Main.storyboard in Resources */ = {isa = PBXBuildFile; fileRef = F33E9C1A21A54CF700EC55F7 /* Main.storyboard */; };
		F33E9C1E21A54CFC00EC55F7 /* Assets.xcassets in Resources */ = {isa = PBXBuildFile; fileRef = F33E9C1D21A54CFC00EC55F7 /* Assets.xcassets */; };
		F33E9C2121A54CFC00EC55F7 /* LaunchScreen.storyboard in Resources */ = {isa = PBXBuildFile; fileRef = F33E9C1F21A54CFC00EC55F7 /* LaunchScreen.storyboard */; };
		F33E9C2B21A5566800EC55F7 /* StartedVC.swift in Sources */ = {isa = PBXBuildFile; fileRef = F33E9C2A21A5566800EC55F7 /* StartedVC.swift */; };
		F36F530621A73B730020D5F5 /* PickVC.swift in Sources */ = {isa = PBXBuildFile; fileRef = F36F530521A73B730020D5F5 /* PickVC.swift */; };
		F3E4BCD221C3B54200573E11 /* madlib4_dance.txt in Resources */ = {isa = PBXBuildFile; fileRef = F3E4BCCB21C3B54100573E11 /* madlib4_dance.txt */; };
		F3E4BCD321C3B54200573E11 /* Story.swift in Sources */ = {isa = PBXBuildFile; fileRef = F3E4BCCC21C3B54100573E11 /* Story.swift */; };
		F3E4BCD421C3B54200573E11 /* madlib2_university.txt in Resources */ = {isa = PBXBuildFile; fileRef = F3E4BCCD21C3B54100573E11 /* madlib2_university.txt */; };
		F3E4BCD521C3B54200573E11 /* madlib3_clothes.txt in Resources */ = {isa = PBXBuildFile; fileRef = F3E4BCCE21C3B54200573E11 /* madlib3_clothes.txt */; };
		F3E4BCD621C3B54200573E11 /* madlibs.png in Resources */ = {isa = PBXBuildFile; fileRef = F3E4BCCF21C3B54200573E11 /* madlibs.png */; };
		F3E4BCD721C3B54200573E11 /* madlib1_tarzan.txt in Resources */ = {isa = PBXBuildFile; fileRef = F3E4BCD021C3B54200573E11 /* madlib1_tarzan.txt */; };
		F3E4BCD821C3B54200573E11 /* madlib0_simple.txt in Resources */ = {isa = PBXBuildFile; fileRef = F3E4BCD121C3B54200573E11 /* madlib0_simple.txt */; };
		F3E70FCD21A6D668006594F1 /* StoryVC.swift in Sources */ = {isa = PBXBuildFile; fileRef = F3E70FCC21A6D668006594F1 /* StoryVC.swift */; };
/* End PBXBuildFile section */

/* Begin PBXFileReference section */
		F33E9C1321A54CF700EC55F7 /* Brian van de Velde - pset2.app */ = {isa = PBXFileReference; explicitFileType = wrapper.application; includeInIndex = 0; path = "Brian van de Velde - pset2.app"; sourceTree = BUILT_PRODUCTS_DIR; };
		F33E9C1621A54CF700EC55F7 /* AppDelegate.swift */ = {isa = PBXFileReference; lastKnownFileType = sourcecode.swift; path = AppDelegate.swift; sourceTree = "<group>"; };
		F33E9C1821A54CF700EC55F7 /* HomeVC.swift */ = {isa = PBXFileReference; lastKnownFileType = sourcecode.swift; path = HomeVC.swift; sourceTree = "<group>"; };
		F33E9C1B21A54CF700EC55F7 /* Base */ = {isa = PBXFileReference; lastKnownFileType = file.storyboard; name = Base; path = Base.lproj/Main.storyboard; sourceTree = "<group>"; };
		F33E9C1D21A54CFC00EC55F7 /* Assets.xcassets */ = {isa = PBXFileReference; lastKnownFileType = folder.assetcatalog; path = Assets.xcassets; sourceTree = "<group>"; };
		F33E9C2021A54CFC00EC55F7 /* Base */ = {isa = PBXFileReference; lastKnownFileType = file.storyboard; name = Base; path = Base.lproj/LaunchScreen.storyboard; sourceTree = "<group>"; };
		F33E9C2221A54CFC00EC55F7 /* Info.plist */ = {isa = PBXFileReference; lastKnownFileType = text.plist.xml; path = Info.plist; sourceTree = "<group>"; };
		F33E9C2A21A5566800EC55F7 /* StartedVC.swift */ = {isa = PBXFileReference; lastKnownFileType = sourcecode.swift; path = StartedVC.swift; sourceTree = "<group>"; };
		F36F530521A73B730020D5F5 /* PickVC.swift */ = {isa = PBXFileReference; lastKnownFileType = sourcecode.swift; path = PickVC.swift; sourceTree = "<group>"; };
		F3E4BCCB21C3B54100573E11 /* madlib4_dance.txt */ = {isa = PBXFileReference; fileEncoding = 4; lastKnownFileType = text; name = madlib4_dance.txt; path = ../../../madlibs_ios/madlib4_dance.txt; sourceTree = "<group>"; };
		F3E4BCCC21C3B54100573E11 /* Story.swift */ = {isa = PBXFileReference; fileEncoding = 4; lastKnownFileType = sourcecode.swift; name = Story.swift; path = ../../../madlibs_ios/Story.swift; sourceTree = "<group>"; };
		F3E4BCCD21C3B54100573E11 /* madlib2_university.txt */ = {isa = PBXFileReference; fileEncoding = 4; lastKnownFileType = text; name = madlib2_university.txt; path = ../../../madlibs_ios/madlib2_university.txt; sourceTree = "<group>"; };
		F3E4BCCE21C3B54200573E11 /* madlib3_clothes.txt */ = {isa = PBXFileReference; fileEncoding = 4; lastKnownFileType = text; name = madlib3_clothes.txt; path = ../../../madlibs_ios/madlib3_clothes.txt; sourceTree = "<group>"; };
		F3E4BCCF21C3B54200573E11 /* madlibs.png */ = {isa = PBXFileReference; lastKnownFileType = image.png; name = madlibs.png; path = ../../../madlibs_ios/madlibs.png; sourceTree = "<group>"; };
		F3E4BCD021C3B54200573E11 /* madlib1_tarzan.txt */ = {isa = PBXFileReference; fileEncoding = 4; lastKnownFileType = text; name = madlib1_tarzan.txt; path = ../../../madlibs_ios/madlib1_tarzan.txt; sourceTree = "<group>"; };
		F3E4BCD121C3B54200573E11 /* madlib0_simple.txt */ = {isa = PBXFileReference; fileEncoding = 4; lastKnownFileType = text; name = madlib0_simple.txt; path = ../../../madlibs_ios/madlib0_simple.txt; sourceTree = "<group>"; };
		F3E70FCC21A6D668006594F1 /* StoryVC.swift */ = {isa = PBXFileReference; lastKnownFileType = sourcecode.swift; path = StoryVC.swift; sourceTree = "<group>"; };
/* End PBXFileReference section */

/* Begin PBXFrameworksBuildPhase section */
		F33E9C1021A54CF700EC55F7 /* Frameworks */ = {
			isa = PBXFrameworksBuildPhase;
			buildActionMask = 2147483647;
			files = (
			);
			runOnlyForDeploymentPostprocessing = 0;
		};
/* End PBXFrameworksBuildPhase section */

/* Begin PBXGroup section */
		F33E9C0A21A54CF700EC55F7 = {
			isa = PBXGroup;
			children = (
				F33E9C1521A54CF700EC55F7 /* Brian van de Velde - pset2 */,
				F33E9C1421A54CF700EC55F7 /* Products */,
			);
			sourceTree = "<group>";
		};
		F33E9C1421A54CF700EC55F7 /* Products */ = {
			isa = PBXGroup;
			children = (
				F33E9C1321A54CF700EC55F7 /* Brian van de Velde - pset2.app */,
			);
			name = Products;
			sourceTree = "<group>";
		};
		F33E9C1521A54CF700EC55F7 /* Brian van de Velde - pset2 */ = {
			isa = PBXGroup;
			children = (
				F33E9C1621A54CF700EC55F7 /* AppDelegate.swift */,
				F33E9C1821A54CF700EC55F7 /* HomeVC.swift */,
				F36F530521A73B730020D5F5 /* PickVC.swift */,
				F33E9C2A21A5566800EC55F7 /* StartedVC.swift */,
				F3E70FCC21A6D668006594F1 /* StoryVC.swift */,
				F3E4BCCC21C3B54100573E11 /* Story.swift */,
				F33E9C1A21A54CF700EC55F7 /* Main.storyboard */,
				F3E4BCCF21C3B54200573E11 /* madlibs.png */,
				F3E4BCD121C3B54200573E11 /* madlib0_simple.txt */,
				F3E4BCD021C3B54200573E11 /* madlib1_tarzan.txt */,
				F3E4BCCD21C3B54100573E11 /* madlib2_university.txt */,
				F3E4BCCE21C3B54200573E11 /* madlib3_clothes.txt */,
				F3E4BCCB21C3B54100573E11 /* madlib4_dance.txt */,
				F33E9C1D21A54CFC00EC55F7 /* Assets.xcassets */,
				F33E9C1F21A54CFC00EC55F7 /* LaunchScreen.storyboard */,
				F33E9C2221A54CFC00EC55F7 /* Info.plist */,
			);
			path = "Brian van de Velde - pset2";
			sourceTree = "<group>";
		};
/* End PBXGroup section */

/* Begin PBXNativeTarget section */
		F33E9C1221A54CF700EC55F7 /* Brian van de Velde - pset2 */ = {
			isa = PBXNativeTarget;
			buildConfigurationList = F33E9C2521A54CFC00EC55F7 /* Build configuration list for PBXNativeTarget "Brian van de Velde - pset2" */;
			buildPhases = (
				F33E9C0F21A54CF700EC55F7 /* Sources */,
				F33E9C1021A54CF700EC55F7 /* Frameworks */,
				F33E9C1121A54CF700EC55F7 /* Resources */,
			);
			buildRules = (
			);
			dependencies = (
			);
			name = "Brian van de Velde - pset2";
			productName = "Brian van de Velde - pset2";
			productReference = F33E9C1321A54CF700EC55F7 /* Brian van de Velde - pset2.app */;
			productType = "com.apple.product-type.application";
		};
/* End PBXNativeTarget section */

/* Begin PBXProject section */
		F33E9C0B21A54CF700EC55F7 /* Project object */ = {
			isa = PBXProject;
			attributes = {
				LastSwiftUpdateCheck = 1000;
				LastUpgradeCheck = 1000;
				ORGANIZATIONNAME = "Brian van de Velde";
				TargetAttributes = {
					F33E9C1221A54CF700EC55F7 = {
						CreatedOnToolsVersion = 10.0;
					};
				};
			};
			buildConfigurationList = F33E9C0E21A54CF700EC55F7 /* Build configuration list for PBXProject "Brian van de Velde - pset2" */;
			compatibilityVersion = "Xcode 9.3";
			developmentRegion = en;
			hasScannedForEncodings = 0;
			knownRegions = (
				en,
				Base,
			);
			mainGroup = F33E9C0A21A54CF700EC55F7;
			productRefGroup = F33E9C1421A54CF700EC55F7 /* Products */;
			projectDirPath = "";
			projectRoot = "";
			targets = (
				F33E9C1221A54CF700EC55F7 /* Brian van de Velde - pset2 */,
			);
		};
/* End PBXProject section */

/* Begin PBXResourcesBuildPhase section */
		F33E9C1121A54CF700EC55F7 /* Resources */ = {
			isa = PBXResourcesBuildPhase;
			buildActionMask = 2147483647;
			files = (
				F33E9C2121A54CFC00EC55F7 /* LaunchScreen.storyboard in Resources */,
				F3E4BCD221C3B54200573E11 /* madlib4_dance.txt in Resources */,
				F3E4BCD621C3B54200573E11 /* madlibs.png in Resources */,
				F33E9C1E21A54CFC00EC55F7 /* Assets.xcassets in Resources */,
				F3E4BCD821C3B54200573E11 /* madlib0_simple.txt in Resources */,
				F33E9C1C21A54CF700EC55F7 /* Main.storyboard in Resources */,
				F3E4BCD721C3B54200573E11 /* madlib1_tarzan.txt in Resources */,
				F3E4BCD521C3B54200573E11 /* madlib3_clothes.txt in Resources */,
				F3E4BCD421C3B54200573E11 /* madlib2_university.txt in Resources */,
			);
			runOnlyForDeploymentPostprocessing = 0;
		};
/* End PBXResourcesBuildPhase section */

/* Begin PBXSourcesBuildPhase section */
		F33E9C0F21A54CF700EC55F7 /* Sources */ = {
			isa = PBXSourcesBuildPhase;
			buildActionMask = 2147483647;
			files = (
				F3E4BCD321C3B54200573E11 /* Story.swift in Sources */,
				F3E70FCD21A6D668006594F1 /* StoryVC.swift in Sources */,
				F36F530621A73B730020D5F5 /* PickVC.swift in Sources */,
				F33E9C1921A54CF700EC55F7 /* HomeVC.swift in Sources */,
				F33E9C2B21A5566800EC55F7 /* StartedVC.swift in Sources */,
				F33E9C1721A54CF700EC55F7 /* AppDelegate.swift in Sources */,
			);
			runOnlyForDeploymentPostprocessing = 0;
		};
/* End PBXSourcesBuildPhase section */

/* Begin PBXVariantGroup section */
		F33E9C1A21A54CF700EC55F7 /* Main.storyboard */ = {
			isa = PBXVariantGroup;
			children = (
				F33E9C1B21A54CF700EC55F7 /* Base */,
			);
			name = Main.storyboard;
			sourceTree = "<group>";
		};
		F33E9C1F21A54CFC00EC55F7 /* LaunchScreen.storyboard */ = {
			isa = PBXVariantGroup;
			children = (
				F33E9C2021A54CFC00EC55F7 /* Base */,
			);
			name = LaunchScreen.storyboard;
			sourceTree = "<group>";
		};
/* End PBXVariantGroup section */

/* Begin XCBuildConfiguration section */
		F33E9C2321A54CFC00EC55F7 /* Debug */ = {
			isa = XCBuildConfiguration;
			buildSettings = {
				ALWAYS_SEARCH_USER_PATHS = NO;
				CLANG_ANALYZER_NONNULL = YES;
				CLANG_ANALYZER_NUMBER_OBJECT_CONVERSION = YES_AGGRESSIVE;
				CLANG_CXX_LANGUAGE_STANDARD = "gnu++14";
				CLANG_CXX_LIBRARY = "libc++";
				CLANG_ENABLE_MODULES = YES;
				CLANG_ENABLE_OBJC_ARC = YES;
				CLANG_ENABLE_OBJC_WEAK = YES;
				CLANG_WARN_BLOCK_CAPTURE_AUTORELEASING = YES;
				CLANG_WARN_BOOL_CONVERSION = YES;
				CLANG_WARN_COMMA = YES;
				CLANG_WARN_CONSTANT_CONVERSION = YES;
				CLANG_WARN_DEPRECATED_OBJC_IMPLEMENTATIONS = YES;
				CLANG_WARN_DIRECT_OBJC_ISA_USAGE = YES_ERROR;
				CLANG_WARN_DOCUMENTATION_COMMENTS = YES;
				CLANG_WARN_EMPTY_BODY = YES;
				CLANG_WARN_ENUM_CONVERSION = YES;
				CLANG_WARN_INFINITE_RECURSION = YES;
				CLANG_WARN_INT_CONVERSION = YES;
				CLANG_WARN_NON_LITERAL_NULL_CONVERSION = YES;
				CLANG_WARN_OBJC_IMPLICIT_RETAIN_SELF = YES;
				CLANG_WARN_OBJC_LITERAL_CONVERSION = YES;
				CLANG_WARN_OBJC_ROOT_CLASS = YES_ERROR;
				CLANG_WARN_RANGE_LOOP_ANALYSIS = YES;
				CLANG_WARN_STRICT_PROTOTYPES = YES;
				CLANG_WARN_SUSPICIOUS_MOVE = YES;
				CLANG_WARN_UNGUARDED_AVAILABILITY = YES_AGGRESSIVE;
				CLANG_WARN_UNREACHABLE_CODE = YES;
				CLANG_WARN__DUPLICATE_METHOD_MATCH = YES;
				CODE_SIGN_IDENTITY = "iPhone Developer";
				COPY_PHASE_STRIP = NO;
				DEBUG_INFORMATION_FORMAT = dwarf;
				ENABLE_STRICT_OBJC_MSGSEND = YES;
				ENABLE_TESTABILITY = YES;
				GCC_C_LANGUAGE_STANDARD = gnu11;
				GCC_DYNAMIC_NO_PIC = NO;
				GCC_NO_COMMON_BLOCKS = YES;
				GCC_OPTIMIZATION_LEVEL = 0;
				GCC_PREPROCESSOR_DEFINITIONS = (
					"DEBUG=1",
					"$(inherited)",
				);
				GCC_WARN_64_TO_32_BIT_CONVERSION = YES;
				GCC_WARN_ABOUT_RETURN_TYPE = YES_ERROR;
				GCC_WARN_UNDECLARED_SELECTOR = YES;
				GCC_WARN_UNINITIALIZED_AUTOS = YES_AGGRESSIVE;
				GCC_WARN_UNUSED_FUNCTION = YES;
				GCC_WARN_UNUSED_VARIABLE = YES;
				IPHONEOS_DEPLOYMENT_TARGET = 12.0;
				MTL_ENABLE_DEBUG_INFO = INCLUDE_SOURCE;
				MTL_FAST_MATH = YES;
				ONLY_ACTIVE_ARCH = YES;
				SDKROOT = iphoneos;
				SWIFT_ACTIVE_COMPILATION_CONDITIONS = DEBUG;
				SWIFT_OPTIMIZATION_LEVEL = "-Onone";
			};
			name = Debug;
		};
		F33E9C2421A54CFC00EC55F7 /* Release */ = {
			isa = XCBuildConfiguration;
			buildSettings = {
				ALWAYS_SEARCH_USER_PATHS = NO;
				CLANG_ANALYZER_NONNULL = YES;
				CLANG_ANALYZER_NUMBER_OBJECT_CONVERSION = YES_AGGRESSIVE;
				CLANG_CXX_LANGUAGE_STANDARD = "gnu++14";
				CLANG_CXX_LIBRARY = "libc++";
				CLANG_ENABLE_MODULES = YES;
				CLANG_ENABLE_OBJC_ARC = YES;
				CLANG_ENABLE_OBJC_WEAK = YES;
				CLANG_WARN_BLOCK_CAPTURE_AUTORELEASING = YES;
				CLANG_WARN_BOOL_CONVERSION = YES;
				CLANG_WARN_COMMA = YES;
				CLANG_WARN_CONSTANT_CONVERSION = YES;
				CLANG_WARN_DEPRECATED_OBJC_IMPLEMENTATIONS = YES;
				CLANG_WARN_DIRECT_OBJC_ISA_USAGE = YES_ERROR;
				CLANG_WARN_DOCUMENTATION_COMMENTS = YES;
				CLANG_WARN_EMPTY_BODY = YES;
				CLANG_WARN_ENUM_CONVERSION = YES;
				CLANG_WARN_INFINITE_RECURSION = YES;
				CLANG_WARN_INT_CONVERSION = YES;
				CLANG_WARN_NON_LITERAL_NULL_CONVERSION = YES;
				CLANG_WARN_OBJC_IMPLICIT_RETAIN_SELF = YES;
				CLANG_WARN_OBJC_LITERAL_CONVERSION = YES;
				CLANG_WARN_OBJC_ROOT_CLASS = YES_ERROR;
				CLANG_WARN_RANGE_LOOP_ANALYSIS = YES;
				CLANG_WARN_STRICT_PROTOTYPES = YES;
				CLANG_WARN_SUSPICIOUS_MOVE = YES;
				CLANG_WARN_UNGUARDED_AVAILABILITY = YES_AGGRESSIVE;
				CLANG_WARN_UNREACHABLE_CODE = YES;
				CLANG_WARN__DUPLICATE_METHOD_MATCH = YES;
				CODE_SIGN_IDENTITY = "iPhone Developer";
				COPY_PHASE_STRIP = NO;
				DEBUG_INFORMATION_FORMAT = "dwarf-with-dsym";
				ENABLE_NS_ASSERTIONS = NO;
				ENABLE_STRICT_OBJC_MSGSEND = YES;
				GCC_C_LANGUAGE_STANDARD = gnu11;
				GCC_NO_COMMON_BLOCKS = YES;
				GCC_WARN_64_TO_32_BIT_CONVERSION = YES;
				GCC_WARN_ABOUT_RETURN_TYPE = YES_ERROR;
				GCC_WARN_UNDECLARED_SELECTOR = YES;
				GCC_WARN_UNINITIALIZED_AUTOS = YES_AGGRESSIVE;
				GCC_WARN_UNUSED_FUNCTION = YES;
				GCC_WARN_UNUSED_VARIABLE = YES;
				IPHONEOS_DEPLOYMENT_TARGET = 12.0;
				MTL_ENABLE_DEBUG_INFO = NO;
				MTL_FAST_MATH = YES;
				SDKROOT = iphoneos;
				SWIFT_COMPILATION_MODE = wholemodule;
				SWIFT_OPTIMIZATION_LEVEL = "-O";
				VALIDATE_PRODUCT = YES;
			};
			name = Release;
		};
		F33E9C2621A54CFC00EC55F7 /* Debug */ = {
			isa = XCBuildConfiguration;
			buildSettings = {
				ASSETCATALOG_COMPILER_APPICON_NAME = AppIcon;
				CODE_SIGN_STYLE = Automatic;
				INFOPLIST_FILE = "Brian van de Velde - pset2/Info.plist";
				LD_RUNPATH_SEARCH_PATHS = (
					"$(inherited)",
					"@executable_path/Frameworks",
				);
				PRODUCT_BUNDLE_IDENTIFIER = "com.example.Brian-van-de-Velde---pset2";
				PRODUCT_NAME = "$(TARGET_NAME)";
				SWIFT_VERSION = 4.2;
				TARGETED_DEVICE_FAMILY = "1,2";
			};
			name = Debug;
		};
		F33E9C2721A54CFC00EC55F7 /* Release */ = {
			isa = XCBuildConfiguration;
			buildSettings = {
				ASSETCATALOG_COMPILER_APPICON_NAME = AppIcon;
				CODE_SIGN_STYLE = Automatic;
				INFOPLIST_FILE = "Brian van de Velde - pset2/Info.plist";
				LD_RUNPATH_SEARCH_PATHS = (
					"$(inherited)",
					"@executable_path/Frameworks",
				);
				PRODUCT_BUNDLE_IDENTIFIER = "com.example.Brian-van-de-Velde---pset2";
				PRODUCT_NAME = "$(TARGET_NAME)";
				SWIFT_VERSION = 4.2;
				TARGETED_DEVICE_FAMILY = "1,2";
			};
			name = Release;
		};
/* End XCBuildConfiguration section */

/* Begin XCConfigurationList section */
		F33E9C0E21A54CF700EC55F7 /* Build configuration list for PBXProject "Brian van de Velde - pset2" */ = {
			isa = XCConfigurationList;
			buildConfigurations = (
				F33E9C2321A54CFC00EC55F7 /* Debug */,
				F33E9C2421A54CFC00EC55F7 /* Release */,
			);
			defaultConfigurationIsVisible = 0;
			defaultConfigurationName = Release;
		};
		F33E9C2521A54CFC00EC55F7 /* Build configuration list for PBXNativeTarget "Brian van de Velde - pset2" */ = {
			isa = XCConfigurationList;
			buildConfigurations = (
				F33E9C2621A54CFC00EC55F7 /* Debug */,
				F33E9C2721A54CFC00EC55F7 /* Release */,
			);
			defaultConfigurationIsVisible = 0;
			defaultConfigurationName = Release;
		};
/* End XCConfigurationList section */
	};
	rootObject = F33E9C0B21A54CF700EC55F7 /* Project object */;
}
